
Microsoft Visual Studio Solution File, Format Version 12.00
# Visual Studio 2017
Project("{FAE04EC0-301F-11D3-BF4B-00C04F79EFBC}") = "floaties_project", "floaties_project.csproj", "{95A31007-01FA-BA1C-7AE9-B1441E2DCBDD}"
EndProject
Project("{FAE04EC0-301F-11D3-BF4B-00C04F79EFBC}") = "floaties_project.Editor", "floaties_project.Editor.csproj", "{E7E55987-4938-DE14-3327-744E4FB17DF2}"
EndProject
Global
	GlobalSection(SolutionConfigurationPlatforms) = preSolution
		Debug|Any CPU = Debug|Any CPU
		Release|Any CPU = Release|Any CPU
	EndGlobalSection
	GlobalSection(ProjectConfigurationPlatforms) = postSolution
		{95A31007-01FA-BA1C-7AE9-B1441E2DCBDD}.Debug|Any CPU.ActiveCfg = Debug|Any CPU
		{95A31007-01FA-BA1C-7AE9-B1441E2DCBDD}.Debug|Any CPU.Build.0 = Debug|Any CPU
		{95A31007-01FA-BA1C-7AE9-B1441E2DCBDD}.Release|Any CPU.ActiveCfg = Release|Any CPU
		{95A31007-01FA-BA1C-7AE9-B1441E2DCBDD}.Release|Any CPU.Build.0 = Release|Any CPU
		{E7E55987-4938-DE14-3327-744E4FB17DF2}.Debug|Any CPU.ActiveCfg = Debug|Any CPU
		{E7E55987-4938-DE14-3327-744E4FB17DF2}.Debug|Any CPU.Build.0 = Debug|Any CPU
		{E7E55987-4938-DE14-3327-744E4FB17DF2}.Release|Any CPU.ActiveCfg = Release|Any CPU
		{E7E55987-4938-DE14-3327-744E4FB17DF2}.Release|Any CPU.Build.0 = Release|Any CPU
	EndGlobalSection
	GlobalSection(SolutionProperties) = preSolution
		HideSolutionNode = FALSE
	EndGlobalSection
EndGlobal
